
Microsoft Visual Studio Solution File, Format Version 12.00
# Visual Studio 2013
VisualStudioVersion = 12.0.31101.0
MinimumVisualStudioVersion = 10.0.40219.1
Project("{FAE04EC0-301F-11D3-BF4B-00C04F79EFBC}") = "ReflectIT", "ReflectIT\ReflectIT.csproj", "{F22CE400-6F0E-4AFE-85BA-FDC4C9F02AB2}"
EndProject
Project("{FAE04EC0-301F-11D3-BF4B-00C04F79EFBC}") = "ReflectIt.Test", "ReflectIt.Test\ReflectIt.Test.csproj", "{1ECAC71F-F9E7-4622-BE29-1757EC577DD4}"
EndProject
Global
	GlobalSection(SolutionConfigurationPlatforms) = preSolution
		Debug|Any CPU = Debug|Any CPU
		Release|Any CPU = Release|Any CPU
	EndGlobalSection
	GlobalSection(ProjectConfigurationPlatforms) = postSolution
		{F22CE400-6F0E-4AFE-85BA-FDC4C9F02AB2}.Debug|Any CPU.ActiveCfg = Debug|Any CPU
		{F22CE400-6F0E-4AFE-85BA-FDC4C9F02AB2}.Debug|Any CPU.Build.0 = Debug|Any CPU
		{F22CE400-6F0E-4AFE-85BA-FDC4C9F02AB2}.Release|Any CPU.ActiveCfg = Release|Any CPU
		{F22CE400-6F0E-4AFE-85BA-FDC4C9F02AB2}.Release|Any CPU.Build.0 = Release|Any CPU
		{1ECAC71F-F9E7-4622-BE29-1757EC577DD4}.Debug|Any CPU.ActiveCfg = Debug|Any CPU
		{1ECAC71F-F9E7-4622-BE29-1757EC577DD4}.Debug|Any CPU.Build.0 = Debug|Any CPU
		{1ECAC71F-F9E7-4622-BE29-1757EC577DD4}.Release|Any CPU.ActiveCfg = Release|Any CPU
		{1ECAC71F-F9E7-4622-BE29-1757EC577DD4}.Release|Any CPU.Build.0 = Release|Any CPU
	EndGlobalSection
	GlobalSection(SolutionProperties) = preSolution
		HideSolutionNode = FALSE
	EndGlobalSection
EndGlobal
